{
  "name": "license-crawler",
  "version": "1.0.0",
  "lockfileVersion": 1,
  "requires": true,
  "dependencies": {
    "license-crawler": {
      "version": "0.0.5",
      "resolved": "https://registry.npmjs.org/license-crawler/-/license-crawler-0.0.5.tgz",
      "integrity": "sha512-SmQ84j5oVyNFgGWoJrDPWLLAyQIs4fQKK4kutsCbNEbkgkCVvCtQcoZZlLmKcOlDfaPMhpaKTTAfNkwre+j6rw=="
    },
    "minimist": {
      "version": "1.2.0",
      "resolved": "https://registry.npmjs.org/minimist/-/minimist-1.2.0.tgz",
      "integrity": "sha1-o1AIsg9BOD7sH7kU9M1d95omQoQ="
    }
  }
}
